PODS:
  - city_pickers (0.0.1):
    - Flutter
  - flustars (0.0.1):
    - Flutter
  - Flutter (1.0.0)
  - flutter_picker (0.0.1):
    - Flutter
  - flutter_webview_plugin (0.0.1):
    - Flutter
  - fluttertoast (0.0.2):
    - Flutter
  - path_provider (0.0.1):
    - Flutter
  - shared_preferences (0.0.1):
    - Flutter

DEPENDENCIES:
  - city_pickers (from `.symlinks/plugins/city_pickers/ios`)
  - flustars (from `.symlinks/plugins/flustars/ios`)
  - Flutter (from `.symlinks/flutter/ios-release`)
  - flutter_picker (from `.symlinks/plugins/flutter_picker/ios`)
  - flutter_webview_plugin (from `.symlinks/plugins/flutter_webview_plugin/ios`)
  - fluttertoast (from `.symlinks/plugins/fluttertoast/ios`)
  - path_provider (from `.symlinks/plugins/path_provider/ios`)
  - shared_preferences (from `.symlinks/plugins/shared_preferences/ios`)

EXTERNAL SOURCES:
  city_pickers:
    :path: ".symlinks/plugins/city_pickers/ios"
  flustars:
    :path: ".symlinks/plugins/flustars/ios"
  Flutter:
    :path: ".symlinks/flutter/ios-release"
  flutter_picker:
    :path: ".symlinks/plugins/flutter_picker/ios"
  flutter_webview_plugin:
    :path: ".symlinks/plugins/flutter_webview_plugin/ios"
  fluttertoast:
    :path: ".symlinks/plugins/fluttertoast/ios"
  path_provider:
    :path: ".symlinks/plugins/path_provider/ios"
  shared_preferences:
    :path: ".symlinks/plugins/shared_preferences/ios"

SPEC CHECKSUMS:
  city_pickers: b0370f4c35c201723b5b7fcce10ec29b59d5bc35
  flustars: 68f8784f3841ce82350ef82598e3b5bc29c36532
  Flutter: 58dd7d1b27887414a370fcccb9e645c08ffd7a6a
  flutter_picker: 8ff0d7440b4e8327fcc9e6b21a39ef9369e697c7
  flutter_webview_plugin: ed9e8a6a96baf0c867e90e1bce2673913eeac694
  fluttertoast: b644586ef3b16f67fae9a1f8754cef6b2d6b634b
  path_provider: f96fff6166a8867510d2c25fdcc346327cc4b259
  shared_preferences: 1feebfa37bb57264736e16865e7ffae7fc99b523

PODFILE CHECKSUM: ebd43b443038e611b86ede96e613bd6033c49497

COCOAPODS: 1.6.0
